# This file was autogenerated by Stack.
# You should not edit this file by hand.
# For more information, please see the documentation at:
#   https://docs.haskellstack.org/en/stable/lock_files

packages: []
snapshots:
- completed:
    sha256: abcc4a65c15c7c2313f1a87f01bfd4d910516e1930b99653eef1d2d006515916
    size: 640074
    url: https://raw.githubusercontent.com/commercialhaskell/stackage-snapshots/master/lts/21/24.yaml
  original: lts-21.24
